
Microsoft Visual Studio Solution File, Format Version 12.00
# Visual Studio Version 17
VisualStudioVersion = 17.3.32901.215
MinimumVisualStudioVersion = 10.0.40219.1
Project("{9A19103F-16F7-4668-BE54-9A1E7A4F7556}") = "backend-despesas-inteligente", "backend\backend-despesas-inteligente.csproj", "{D1350477-BA4A-4250-87D7-BB37314B440A}"
EndProject
Global
	GlobalSection(SolutionConfigurationPlatforms) = preSolution
		Debug|Any CPU = Debug|Any CPU
		Release|Any CPU = Release|Any CPU
	EndGlobalSection
	GlobalSection(ProjectConfigurationPlatforms) = postSolution
		{D1350477-BA4A-4250-87D7-BB37314B440A}.Debug|Any CPU.ActiveCfg = Debug|Any CPU
		{D1350477-BA4A-4250-87D7-BB37314B440A}.Debug|Any CPU.Build.0 = Debug|Any CPU
		{D1350477-BA4A-4250-87D7-BB37314B440A}.Release|Any CPU.ActiveCfg = Release|Any CPU
		{D1350477-BA4A-4250-87D7-BB37314B440A}.Release|Any CPU.Build.0 = Release|Any CPU
	EndGlobalSection
	GlobalSection(SolutionProperties) = preSolution
		HideSolutionNode = FALSE
	EndGlobalSection
	GlobalSection(ExtensibilityGlobals) = postSolution
		SolutionGuid = {DAECAE4A-8AE4-4DF1-AF9D-CF0775C41021}
	EndGlobalSection
EndGlobal
